<?xml version="1.0" encoding="utf-8"?>
<Project ToolsVersion="4.0" xmlns="http://schemas.microsoft.com/developer/msbuild/2003">
  <ItemGroup>
    <Filter Include="Source Files">
      <UniqueIdentifier>{4FC737F1-C7A5-4376-A066-2A32D752A2FF}</UniqueIdentifier>
      <Extensions>cpp;c;cc;cxx;def;odl;idl;hpj;bat;asm;asmx</Extensions>
    </Filter>
    <Filter Include="Header Files">
      <UniqueIdentifier>{93995380-89BD-4b04-88EB-625FBE52EBFB}</UniqueIdentifier>
      <Extensions>h;hh;hpp;hxx;hm;inl;inc;xsd</Extensions>
    </Filter>
    <Filter Include="Resource Files">
      <UniqueIdentifier>{67DA6AB6-F800-4c08-8B7A-83BB121AAD01}</UniqueIdentifier>
      <Extensions>rc;ico;cur;bmp;dlg;rc2;rct;bin;rgs;gif;jpg;jpeg;jpe;resx;tiff;tif;png;wav;mfcribbon-ms</Extensions>
    </Filter>
    <Filter Include="Shaders">
      <UniqueIdentifier>{f2411662-4aef-4c9f-a6ae-39f171e0d250}</UniqueIdentifier>
    </Filter>
    <Filter Include="GeneratedFiles">
      <UniqueIdentifier>{915a585e-596f-405f-8821-7f9f73830ae1}</UniqueIdentifier>
    </Filter>
    <Filter Include="GeneratedFiles\Debug">
      <UniqueIdentifier>{5425fa66-ef7f-4cd9-be0a-192062df551b}</UniqueIdentifier>
    </Filter>
    <Filter Include="GeneratedFiles\Release">
      <UniqueIdentifier>{910a60af-d61b-4898-8d45-1ffaa924ac12}</UniqueIdentifier>
    </Filter>
    <Filter Include="UI">
      <UniqueIdentifier>{c6591fdf-e911-4afa-a238-804cd6704222}</UniqueIdentifier>
    </Filter>
    <Filter Include="Utils">
      <UniqueIdentifier>{85db8ba0-b6a1-4852-8751-7c3dcf35713f}</UniqueIdentifier>
    </Filter>
    <Filter Include="Visualization">
      <UniqueIdentifier>{11e910c1-949e-42d1-8193-df75837b9e79}</UniqueIdentifier>
    </Filter>
    <Filter Include="Group1_Mate">
      <UniqueIdentifier>{fc9ae394-08e3-416e-b812-752d2955f42f}</UniqueIdentifier>
    </Filter>
    <Filter Include="Group2_Mate">
      <UniqueIdentifier>{f57dd4ac-990f-40db-87b0-ff01aa157179}</UniqueIdentifier>
    </Filter>
    <Filter Include="Group3_Mate">
      <UniqueIdentifier>{4af0e7b1-9c06-4a13-a12d-bd2f38b4421a}</UniqueIdentifier>
    </Filter>
    <Filter Include="OtherIncludesEtc_Mate">
      <UniqueIdentifier>{f1c01195-fd99-48a5-8ab6-acf73f0e9059}</UniqueIdentifier>
    </Filter>
    <Filter Include="Group5_Mate">
      <UniqueIdentifier>{526b4a9e-f558-487e-b8de-f64213bf5fe5}</UniqueIdentifier>
    </Filter>
    <Filter Include="Conversion_Mate">
      <UniqueIdentifier>{c1c5d12d-867f-4415-9945-7a720c260eb4}</UniqueIdentifier>
    </Filter>
    <Filter Include="Test">
      <UniqueIdentifier>{73d2fc08-ae27-49bb-bc62-054b0dbe28a6}</UniqueIdentifier>
    </Filter>
  </ItemGroup>
  <ItemGroup>
    <ClCompile Include="main.cpp">
      <Filter>Source Files</Filter>
    </ClCompile>
    <ClCompile Include="..\GeneratedFiles\Debug\moc_userinterface.cpp">
      <Filter>GeneratedFiles\Debug</Filter>
    </ClCompile>
    <ClCompile Include="..\GeneratedFiles\qrc_userinterface.cpp">
      <Filter>GeneratedFiles</Filter>
    </ClCompile>
    <ClCompile Include="UI\userinterface.cpp">
      <Filter>UI</Filter>
    </ClCompile>
    <ClCompile Include="Visualization\MyApp.cpp">
      <Filter>Visualization</Filter>
    </ClCompile>
    <ClCompile Include="szakdoga\stdafx.cpp">
      <Filter>OtherIncludesEtc_Mate</Filter>
    </ClCompile>
    <ClCompile Include="Utils\CameraAndLight.cpp">
      <Filter>Utils</Filter>
    </ClCompile>
    <ClCompile Include="Utils\ObjectCreator.cpp">
      <Filter>Utils</Filter>
    </ClCompile>
    <ClCompile Include="Utils\Utility.cpp">
      <Filter>Utils</Filter>
    </ClCompile>
  </ItemGroup>
  <ItemGroup>
    <ClInclude Include="..\GeneratedFiles\ui_userinterface.h">
      <Filter>GeneratedFiles</Filter>
    </ClInclude>
    <ClInclude Include="Visualization\MyApp.h">
      <Filter>Header Files</Filter>
    </ClInclude>
    <ClInclude Include="Utils\GLUtils.hpp">
      <Filter>Utils</Filter>
    </ClInclude>
    <ClInclude Include="UI\request.h">
      <Filter>UI</Filter>
    </ClInclude>
    <ClInclude Include="UI\userinterface.hpp">
      <Filter>Header Files</Filter>
    </ClInclude>
    <ClInclude Include="szakdoga\targetbody.h">
      <Filter>Group5_Mate</Filter>
    </ClInclude>
    <ClInclude Include="szakdoga\targetver.h">
      <Filter>Group5_Mate</Filter>
    </ClInclude>
    <ClInclude Include="szakdoga\vectors.h">
      <Filter>Group5_Mate</Filter>
    </ClInclude>
    <ClInclude Include="szakdoga\stdafx.h">
      <Filter>OtherIncludesEtc_Mate</Filter>
    </ClInclude>
    <ClInclude Include="szakdoga\poly2.h">
      <Filter>Group1_Mate</Filter>
    </ClInclude>
    <ClInclude Include="szakdoga\polygraph.h">
      <Filter>Group1_Mate</Filter>
    </ClInclude>
    <ClInclude Include="szakdoga\planes.h">
      <Filter>Group1_Mate</Filter>
    </ClInclude>
    <ClInclude Include="szakdoga\objrepair.h">
      <Filter>Group1_Mate</Filter>
    </ClInclude>
    <ClInclude Include="szakdoga\body.h">
      <Filter>Group2_Mate</Filter>
    </ClInclude>
    <ClInclude Include="szakdoga\face.h">
      <Filter>Group2_Mate</Filter>
    </ClInclude>
    <ClInclude Include="szakdoga\approximation.h">
      <Filter>Group2_Mate</Filter>
    </ClInclude>
    <ClInclude Include="szakdoga\geoios.h">
      <Filter>Group3_Mate</Filter>
    </ClInclude>
    <ClInclude Include="szakdoga\conversion.h">
      <Filter>Conversion_Mate</Filter>
    </ClInclude>
    <ClInclude Include="szakdoga\convexatom.h">
      <Filter>Group2_Mate</Filter>
    </ClInclude>
    <ClInclude Include="szakdoga\indexiterator.h">
      <Filter>Group2_Mate</Filter>
    </ClInclude>
    <ClInclude Include="prior.h">
      <Filter>Source Files</Filter>
    </ClInclude>
    <ClInclude Include="Utils\CameraAndLight.h">
      <Filter>Utils</Filter>
    </ClInclude>
    <ClInclude Include="Utils\ObjectCreator.h">
      <Filter>Utils</Filter>
    </ClInclude>
    <ClInclude Include="Utils\Utility.h">
      <Filter>Utils</Filter>
    </ClInclude>
    <ClInclude Include="priorityfunctions.h">
      <Filter>Source Files</Filter>
    </ClInclude>
  </ItemGroup>
  <ItemGroup>
    <None Include="Shaders\geometry_shader.geom">
      <Filter>Shaders</Filter>
    </None>
    <None Include="Shaders\myFrag.frag">
      <Filter>Shaders</Filter>
    </None>
    <None Include="Shaders\myVert.vert">
      <Filter>Shaders</Filter>
    </None>
    <None Include="UI\userinterface.ui" />
    <None Include="test.obj">
      <Filter>Test</Filter>
    </None>
  </ItemGroup>
</Project>